{
  "name": "nothing",
  "version": "1.0.0",
  "lockfileVersion": 1,
  "requires": true,
  "dependencies": {
    "bourbon": {
      "version": "5.0.0",
      "resolved": "http://r.tools.elenet.me/bourbon/download/bourbon-5.0.0.tgz",
      "integrity": "sha1-AwugGJOInNd9lkEB5zXURv1QQmo="
    }
  }
}
